{
  "version": 4,
  "terraform_version": "1.5.7",
  "serial": 89,
  "lineage": "79d09903-1617-3a46-94fc-c0b7eb9e48c6",
  "outputs": {
    "group_id": {
      "value": "",
      "type": "string"
    },
    "host": {
      "value": [
        "",
        "",
        "",
        ""
      ],
      "type": [
        "tuple",
        [
          "string",
          "string",
          "string",
          "string"
        ]
      ]
    },
    "user": {
      "value": [
        "",
        "",
        "",
        ""
      ],
      "type": [
        "tuple",
        [
          "string",
          "string",
          "string",
          "string"
        ]
      ]
    }
  },
  "resources": [
    {
      "mode": "managed",
      "type": "mysql_user",
      "name": "user",
      "provider": "provider[\"registry.terraform.io/winebarrel/mysql\"]",
      "instances": [
        {
          "index_key": "3",
          "schema_version": 0,
          "attributes": {
            "auth_plugin": null,
            "host": "",
            "id": "@",
            "password": null,
            "plaintext_password": "e3b0c44298fc1c149afbf4c8996fb92427ae41e4649b934ca495991b7852b855",
            "tls_option": "",
            "user": ""
          },
          "sensitive_attributes": [],
          "private": "bnVsbA=="
        }
      ]
    },
    {
      "mode": "managed",
      "type": "null_resource",
      "name": "condition_checker",
      "provider": "provider[\"registry.terraform.io/hashicorp/null\"]",
      "instances": [
        {
          "index_key": 0,
          "schema_version": 0,
          "attributes": {
            "id": "6365895517764759250",
            "triggers": null
          },
          "sensitive_attributes": []
        }
      ]
    }
  ],
  "check_results": null
}
