{
  "version": 4,
  "terraform_version": "1.5.7",
  "serial": 55,
  "lineage": "79d09903-1617-3a46-94fc-c0b7eb9e48c6",
  "outputs": {
    "database_name": {
      "value": [
        "db1",
        "db2",
        "db3"
      ],
      "type": [
        "list",
        "string"
      ]
    },
    "user_host": {
      "value": "192.168.227.16",
      "type": "string"
    },
    "user_name": {
      "value": [
        "user01",
        "user02",
        "user03"
      ],
      "type": [
        "list",
        "string"
      ]
    },
    "user_passwd": {
      "value": [
        "user01",
        "user02",
        "user03"
      ],
      "type": [
        "list",
        "string"
      ]
    }
  },
  "resources": [
    {
      "mode": "managed",
      "type": "mysql_database",
      "name": "database",
      "provider": "provider[\"registry.terraform.io/winebarrel/mysql\"]",
      "instances": [
        {
          "index_key": 0,
          "schema_version": 0,
          "attributes": {
            "default_character_set": "utf8mb3",
            "default_collation": "utf8mb3_general_ci",
            "id": "db1",
            "name": "db1"
          },
          "sensitive_attributes": [],
          "private": "bnVsbA=="
        },
        {
          "index_key": 1,
          "schema_version": 0,
          "attributes": {
            "default_character_set": "utf8mb3",
            "default_collation": "utf8mb3_general_ci",
            "id": "db2",
            "name": "db2"
          },
          "sensitive_attributes": [],
          "private": "bnVsbA=="
        },
        {
          "index_key": 2,
          "schema_version": 0,
          "attributes": {
            "default_character_set": "utf8mb3",
            "default_collation": "utf8mb3_general_ci",
            "id": "db3",
            "name": "db3"
          },
          "sensitive_attributes": [],
          "private": "bnVsbA=="
        }
      ]
    },
    {
      "mode": "managed",
      "type": "mysql_user",
      "name": "user",
      "provider": "provider[\"registry.terraform.io/winebarrel/mysql\"]",
      "instances": [
        {
          "index_key": 0,
          "schema_version": 0,
          "attributes": {
            "auth_plugin": null,
            "host": "192.168.227.16",
            "id": "user01@192.168.227.16",
            "password": null,
            "plaintext_password": "aad415a73c4cef1ef94a5c00b2642b571a3e5494536328ad960db61889bd9368",
            "tls_option": "NONE",
            "user": "user01"
          },
          "sensitive_attributes": [],
          "private": "bnVsbA=="
        },
        {
          "index_key": 1,
          "schema_version": 0,
          "attributes": {
            "auth_plugin": null,
            "host": "192.168.227.16",
            "id": "user02@192.168.227.16",
            "password": null,
            "plaintext_password": "76431fac8a187241af8f3f37156deb94732f52fb45eb07ec4f462051bd82f183",
            "tls_option": "NONE",
            "user": "user02"
          },
          "sensitive_attributes": [],
          "private": "bnVsbA=="
        },
        {
          "index_key": 2,
          "schema_version": 0,
          "attributes": {
            "auth_plugin": null,
            "host": "192.168.227.16",
            "id": "user03@192.168.227.16",
            "password": null,
            "plaintext_password": "d64243e8519cce2304fffb92d31acaca622585011b40439c97e9274fae146189",
            "tls_option": "NONE",
            "user": "user03"
          },
          "sensitive_attributes": [],
          "private": "bnVsbA=="
        }
      ]
    }
  ],
  "check_results": null
}
