{
  "version": 4,
  "terraform_version": "1.5.7",
  "serial": 21,
  "lineage": "dd3a8448-c272-f014-ce38-56134ba02752",
  "outputs": {
    "database_name": {
      "value": "db1",
      "type": "string"
    },
    "user_host": {
      "value": "192.168.227.16",
      "type": "string"
    },
    "user_name": {
      "value": "user01",
      "type": "string"
    },
    "user_passwd": {
      "value": "user01",
      "type": "string"
    }
  },
  "resources": [
    {
      "mode": "managed",
      "type": "mysql_database",
      "name": "database",
      "provider": "provider[\"registry.terraform.io/winebarrel/mysql\"]",
      "instances": [
        {
          "schema_version": 0,
          "attributes": {
            "default_character_set": "utf8mb3",
            "default_collation": "utf8mb3_general_ci",
            "id": "db1",
            "name": "db1"
          },
          "sensitive_attributes": [],
          "private": "bnVsbA=="
        }
      ]
    },
    {
      "mode": "managed",
      "type": "mysql_user",
      "name": "user",
      "provider": "provider[\"registry.terraform.io/winebarrel/mysql\"]",
      "instances": [
        {
          "schema_version": 0,
          "attributes": {
            "auth_plugin": null,
            "host": "192.168.227.16",
            "id": "user01@192.168.227.16",
            "password": null,
            "plaintext_password": "aad415a73c4cef1ef94a5c00b2642b571a3e5494536328ad960db61889bd9368",
            "tls_option": "NONE",
            "user": "user01"
          },
          "sensitive_attributes": [],
          "private": "bnVsbA=="
        }
      ]
    }
  ],
  "check_results": null
}
