{
  "version": 4,
  "terraform_version": "1.5.7",
  "serial": 27,
  "lineage": "052414a7-4e3c-a3a3-fb03-16be9a8e3e2d",
  "outputs": {
    "database_name": {
      "value": "db2",
      "type": "string"
    },
    "user_host": {
      "value": "192.168.227.16",
      "type": "string"
    },
    "user_name": {
      "value": "user02",
      "type": "string"
    },
    "user_passwd": {
      "value": "user02",
      "type": "string"
    }
  },
  "resources": [
    {
      "mode": "managed",
      "type": "mysql_database",
      "name": "database",
      "provider": "provider[\"registry.terraform.io/winebarrel/mysql\"]",
      "instances": [
        {
          "schema_version": 0,
          "attributes": {
            "default_character_set": "utf8mb3",
            "default_collation": "utf8mb3_general_ci",
            "id": "db2",
            "name": "db2"
          },
          "sensitive_attributes": [],
          "private": "bnVsbA=="
        }
      ]
    },
    {
      "mode": "managed",
      "type": "mysql_user",
      "name": "user",
      "provider": "provider[\"registry.terraform.io/winebarrel/mysql\"]",
      "instances": [
        {
          "schema_version": 0,
          "attributes": {
            "auth_plugin": null,
            "host": "192.168.227.16",
            "id": "user02@192.168.227.16",
            "password": null,
            "plaintext_password": "76431fac8a187241af8f3f37156deb94732f52fb45eb07ec4f462051bd82f183",
            "tls_option": "NONE",
            "user": "user02"
          },
          "sensitive_attributes": [],
          "private": "bnVsbA=="
        }
      ]
    }
  ],
  "check_results": null
}
